// !$*UTF8*$!
{
	archiveVersion = 1;
	classes = {
	};
	objectVersion = 50;
	objects = {

/* Begin PBXBuildFile section */
		2C1F860C25A9DC68001CF6E9 /* insimou.hpp in Headers */ = {isa = PBXBuildFile; fileRef = 2C1F860B25A9DC68001CF6E9 /* insimou.hpp */; };
		2C1F860E25A9DC68001CF6E9 /* insimouPriv.hpp in Headers */ = {isa = PBXBuildFile; fileRef = 2C1F860D25A9DC68001CF6E9 /* insimouPriv.hpp */; };
		2C1F862925A9E61B001CF6E9 /* insimou.cpp in Sources */ = {isa = PBXBuildFile; fileRef = 2C1F862825A9E61B001CF6E9 /* insimou.cpp */; };
		2C1F862C25A9E62F001CF6E9 /* insimou.cpp in Sources */ = {isa = PBXBuildFile; fileRef = 2C1F862B25A9E62F001CF6E9 /* insimou.cpp */; };
		2C1F863625A9E6A3001CF6E9 /* insimoulib.hpp in Headers */ = {isa = PBXBuildFile; fileRef = 2C1F863525A9E6A3001CF6E9 /* insimoulib.hpp */; };
		2C1F863825A9E6A3001CF6E9 /* insimoulibPriv.hpp in Headers */ = {isa = PBXBuildFile; fileRef = 2C1F863725A9E6A3001CF6E9 /* insimoulibPriv.hpp */; };
		2C1F863A25A9E6A3001CF6E9 /* insimoulib.cpp in Sources */ = {isa = PBXBuildFile; fileRef = 2C1F863925A9E6A3001CF6E9 /* insimoulib.cpp */; };
/* End PBXBuildFile section */

/* Begin PBXFileReference section */
		2C1F860825A9DC68001CF6E9 /* libinsimou.dylib */ = {isa = PBXFileReference; explicitFileType = "compiled.mach-o.dylib"; includeInIndex = 0; path = libinsimou.dylib; sourceTree = BUILT_PRODUCTS_DIR; };
		2C1F860B25A9DC68001CF6E9 /* insimou.hpp */ = {isa = PBXFileReference; lastKnownFileType = sourcecode.cpp.h; path = insimou.hpp; sourceTree = "<group>"; };
		2C1F860D25A9DC68001CF6E9 /* insimouPriv.hpp */ = {isa = PBXFileReference; lastKnownFileType = sourcecode.cpp.h; path = insimouPriv.hpp; sourceTree = "<group>"; };
		2C1F862225A9DCE3001CF6E9 /* insimou.entitlements */ = {isa = PBXFileReference; fileEncoding = 4; lastKnownFileType = text.plist.entitlements; path = insimou.entitlements; sourceTree = "<group>"; };
		2C1F862825A9E61B001CF6E9 /* insimou.cpp */ = {isa = PBXFileReference; fileEncoding = 4; lastKnownFileType = sourcecode.cpp.cpp; path = insimou.cpp; sourceTree = "<group>"; };
		2C1F862B25A9E62F001CF6E9 /* insimou.cpp */ = {isa = PBXFileReference; fileEncoding = 4; lastKnownFileType = sourcecode.cpp.cpp; name = insimou.cpp; path = ../../insimou_ext/insimou.cpp; sourceTree = "<group>"; };
		2C1F863325A9E6A3001CF6E9 /* libinsimoulib.dylib */ = {isa = PBXFileReference; explicitFileType = "compiled.mach-o.dylib"; includeInIndex = 0; path = libinsimoulib.dylib; sourceTree = BUILT_PRODUCTS_DIR; };
		2C1F863525A9E6A3001CF6E9 /* insimoulib.hpp */ = {isa = PBXFileReference; lastKnownFileType = sourcecode.cpp.h; path = insimoulib.hpp; sourceTree = "<group>"; };
		2C1F863725A9E6A3001CF6E9 /* insimoulibPriv.hpp */ = {isa = PBXFileReference; lastKnownFileType = sourcecode.cpp.h; path = insimoulibPriv.hpp; sourceTree = "<group>"; };
		2C1F863925A9E6A3001CF6E9 /* insimoulib.cpp */ = {isa = PBXFileReference; lastKnownFileType = sourcecode.cpp.cpp; path = insimoulib.cpp; sourceTree = "<group>"; };
/* End PBXFileReference section */

/* Begin PBXFrameworksBuildPhase section */
		2C1F860625A9DC68001CF6E9 /* Frameworks */ = {
			isa = PBXFrameworksBuildPhase;
			buildActionMask = 2147483647;
			files = (
			);
			runOnlyForDeploymentPostprocessing = 0;
		};
		2C1F863125A9E6A3001CF6E9 /* Frameworks */ = {
			isa = PBXFrameworksBuildPhase;
			buildActionMask = 2147483647;
			files = (
			);
			runOnlyForDeploymentPostprocessing = 0;
		};
/* End PBXFrameworksBuildPhase section */

/* Begin PBXGroup section */
		2C1F85FF25A9DC68001CF6E9 = {
			isa = PBXGroup;
			children = (
				2C1F860A25A9DC68001CF6E9 /* insimou */,
				2C1F863425A9E6A3001CF6E9 /* insimoulib */,
				2C1F860925A9DC68001CF6E9 /* Products */,
			);
			sourceTree = "<group>";
		};
		2C1F860925A9DC68001CF6E9 /* Products */ = {
			isa = PBXGroup;
			children = (
				2C1F860825A9DC68001CF6E9 /* libinsimou.dylib */,
				2C1F863325A9E6A3001CF6E9 /* libinsimoulib.dylib */,
			);
			name = Products;
			sourceTree = "<group>";
		};
		2C1F860A25A9DC68001CF6E9 /* insimou */ = {
			isa = PBXGroup;
			children = (
				2C1F862225A9DCE3001CF6E9 /* insimou.entitlements */,
				2C1F860B25A9DC68001CF6E9 /* insimou.hpp */,
				2C1F860D25A9DC68001CF6E9 /* insimouPriv.hpp */,
				2C1F862825A9E61B001CF6E9 /* insimou.cpp */,
				2C1F862B25A9E62F001CF6E9 /* insimou.cpp */,
			);
			path = insimou;
			sourceTree = "<group>";
		};
		2C1F863425A9E6A3001CF6E9 /* insimoulib */ = {
			isa = PBXGroup;
			children = (
				2C1F863525A9E6A3001CF6E9 /* insimoulib.hpp */,
				2C1F863725A9E6A3001CF6E9 /* insimoulibPriv.hpp */,
				2C1F863925A9E6A3001CF6E9 /* insimoulib.cpp */,
			);
			path = insimoulib;
			sourceTree = "<group>";
		};
/* End PBXGroup section */

/* Begin PBXHeadersBuildPhase section */
		2C1F860425A9DC68001CF6E9 /* Headers */ = {
			isa = PBXHeadersBuildPhase;
			buildActionMask = 2147483647;
			files = (
				2C1F860E25A9DC68001CF6E9 /* insimouPriv.hpp in Headers */,
				2C1F860C25A9DC68001CF6E9 /* insimou.hpp in Headers */,
			);
			runOnlyForDeploymentPostprocessing = 0;
		};
		2C1F862F25A9E6A3001CF6E9 /* Headers */ = {
			isa = PBXHeadersBuildPhase;
			buildActionMask = 2147483647;
			files = (
				2C1F863825A9E6A3001CF6E9 /* insimoulibPriv.hpp in Headers */,
				2C1F863625A9E6A3001CF6E9 /* insimoulib.hpp in Headers */,
			);
			runOnlyForDeploymentPostprocessing = 0;
		};
/* End PBXHeadersBuildPhase section */

/* Begin PBXNativeTarget section */
		2C1F860725A9DC68001CF6E9 /* insimou */ = {
			isa = PBXNativeTarget;
			buildConfigurationList = 2C1F861325A9DC68001CF6E9 /* Build configuration list for PBXNativeTarget "insimou" */;
			buildPhases = (
				2C1F860425A9DC68001CF6E9 /* Headers */,
				2C1F860525A9DC68001CF6E9 /* Sources */,
				2C1F860625A9DC68001CF6E9 /* Frameworks */,
			);
			buildRules = (
			);
			dependencies = (
			);
			name = insimou;
			productName = insimou;
			productReference = 2C1F860825A9DC68001CF6E9 /* libinsimou.dylib */;
			productType = "com.apple.product-type.library.dynamic";
		};
		2C1F863225A9E6A3001CF6E9 /* insimoulib */ = {
			isa = PBXNativeTarget;
			buildConfigurationList = 2C1F863B25A9E6A3001CF6E9 /* Build configuration list for PBXNativeTarget "insimoulib" */;
			buildPhases = (
				2C1F862F25A9E6A3001CF6E9 /* Headers */,
				2C1F863025A9E6A3001CF6E9 /* Sources */,
				2C1F863125A9E6A3001CF6E9 /* Frameworks */,
			);
			buildRules = (
			);
			dependencies = (
			);
			name = insimoulib;
			productName = insimoulib;
			productReference = 2C1F863325A9E6A3001CF6E9 /* libinsimoulib.dylib */;
			productType = "com.apple.product-type.library.dynamic";
		};
/* End PBXNativeTarget section */

/* Begin PBXProject section */
		2C1F860025A9DC68001CF6E9 /* Project object */ = {
			isa = PBXProject;
			attributes = {
				LastUpgradeCheck = 1230;
				TargetAttributes = {
					2C1F860725A9DC68001CF6E9 = {
						CreatedOnToolsVersion = 12.3;
					};
					2C1F863225A9E6A3001CF6E9 = {
						CreatedOnToolsVersion = 12.3;
					};
				};
			};
			buildConfigurationList = 2C1F860325A9DC68001CF6E9 /* Build configuration list for PBXProject "insimou" */;
			compatibilityVersion = "Xcode 9.3";
			developmentRegion = en;
			hasScannedForEncodings = 0;
			knownRegions = (
				en,
				Base,
			);
			mainGroup = 2C1F85FF25A9DC68001CF6E9;
			productRefGroup = 2C1F860925A9DC68001CF6E9 /* Products */;
			projectDirPath = "";
			projectRoot = "";
			targets = (
				2C1F860725A9DC68001CF6E9 /* insimou */,
				2C1F863225A9E6A3001CF6E9 /* insimoulib */,
			);
		};
/* End PBXProject section */

/* Begin PBXSourcesBuildPhase section */
		2C1F860525A9DC68001CF6E9 /* Sources */ = {
			isa = PBXSourcesBuildPhase;
			buildActionMask = 2147483647;
			files = (
				2C1F862C25A9E62F001CF6E9 /* insimou.cpp in Sources */,
				2C1F862925A9E61B001CF6E9 /* insimou.cpp in Sources */,
			);
			runOnlyForDeploymentPostprocessing = 0;
		};
		2C1F863025A9E6A3001CF6E9 /* Sources */ = {
			isa = PBXSourcesBuildPhase;
			buildActionMask = 2147483647;
			files = (
				2C1F863A25A9E6A3001CF6E9 /* insimoulib.cpp in Sources */,
			);
			runOnlyForDeploymentPostprocessing = 0;
		};
/* End PBXSourcesBuildPhase section */

/* Begin XCBuildConfiguration section */
		2C1F861125A9DC68001CF6E9 /* Debug */ = {
			isa = XCBuildConfiguration;
			buildSettings = {
				ALWAYS_SEARCH_USER_PATHS = NO;
				CLANG_ANALYZER_NONNULL = YES;
				CLANG_ANALYZER_NUMBER_OBJECT_CONVERSION = YES_AGGRESSIVE;
				CLANG_CXX_LANGUAGE_STANDARD = "gnu++14";
				CLANG_CXX_LIBRARY = "libc++";
				CLANG_ENABLE_MODULES = YES;
				CLANG_ENABLE_OBJC_ARC = YES;
				CLANG_ENABLE_OBJC_WEAK = YES;
				CLANG_WARN_BLOCK_CAPTURE_AUTORELEASING = YES;
				CLANG_WARN_BOOL_CONVERSION = YES;
				CLANG_WARN_COMMA = YES;
				CLANG_WARN_CONSTANT_CONVERSION = YES;
				CLANG_WARN_DEPRECATED_OBJC_IMPLEMENTATIONS = YES;
				CLANG_WARN_DIRECT_OBJC_ISA_USAGE = YES_ERROR;
				CLANG_WARN_DOCUMENTATION_COMMENTS = YES;
				CLANG_WARN_EMPTY_BODY = YES;
				CLANG_WARN_ENUM_CONVERSION = YES;
				CLANG_WARN_INFINITE_RECURSION = YES;
				CLANG_WARN_INT_CONVERSION = YES;
				CLANG_WARN_NON_LITERAL_NULL_CONVERSION = YES;
				CLANG_WARN_OBJC_IMPLICIT_RETAIN_SELF = YES;
				CLANG_WARN_OBJC_LITERAL_CONVERSION = YES;
				CLANG_WARN_OBJC_ROOT_CLASS = YES_ERROR;
				CLANG_WARN_QUOTED_INCLUDE_IN_FRAMEWORK_HEADER = YES;
				CLANG_WARN_RANGE_LOOP_ANALYSIS = YES;
				CLANG_WARN_STRICT_PROTOTYPES = YES;
				CLANG_WARN_SUSPICIOUS_MOVE = YES;
				CLANG_WARN_UNGUARDED_AVAILABILITY = YES_AGGRESSIVE;
				CLANG_WARN_UNREACHABLE_CODE = YES;
				CLANG_WARN__DUPLICATE_METHOD_MATCH = YES;
				COPY_PHASE_STRIP = NO;
				DEBUG_INFORMATION_FORMAT = dwarf;
				ENABLE_STRICT_OBJC_MSGSEND = YES;
				ENABLE_TESTABILITY = YES;
				GCC_C_LANGUAGE_STANDARD = gnu11;
				GCC_DYNAMIC_NO_PIC = NO;
				GCC_NO_COMMON_BLOCKS = YES;
				GCC_OPTIMIZATION_LEVEL = 0;
				GCC_PREPROCESSOR_DEFINITIONS = (
					"DEBUG=1",
					"$(inherited)",
				);
				GCC_WARN_64_TO_32_BIT_CONVERSION = YES;
				GCC_WARN_ABOUT_RETURN_TYPE = YES_ERROR;
				GCC_WARN_UNDECLARED_SELECTOR = YES;
				GCC_WARN_UNINITIALIZED_AUTOS = YES_AGGRESSIVE;
				GCC_WARN_UNUSED_FUNCTION = YES;
				GCC_WARN_UNUSED_VARIABLE = YES;
				MACOSX_DEPLOYMENT_TARGET = 11.1;
				MTL_ENABLE_DEBUG_INFO = INCLUDE_SOURCE;
				MTL_FAST_MATH = YES;
				ONLY_ACTIVE_ARCH = YES;
				SDKROOT = macosx;
			};
			name = Debug;
		};
		2C1F861225A9DC68001CF6E9 /* Release */ = {
			isa = XCBuildConfiguration;
			buildSettings = {
				ALWAYS_SEARCH_USER_PATHS = NO;
				CLANG_ANALYZER_NONNULL = YES;
				CLANG_ANALYZER_NUMBER_OBJECT_CONVERSION = YES_AGGRESSIVE;
				CLANG_CXX_LANGUAGE_STANDARD = "gnu++14";
				CLANG_CXX_LIBRARY = "libc++";
				CLANG_ENABLE_MODULES = YES;
				CLANG_ENABLE_OBJC_ARC = YES;
				CLANG_ENABLE_OBJC_WEAK = YES;
				CLANG_WARN_BLOCK_CAPTURE_AUTORELEASING = YES;
				CLANG_WARN_BOOL_CONVERSION = YES;
				CLANG_WARN_COMMA = YES;
				CLANG_WARN_CONSTANT_CONVERSION = YES;
				CLANG_WARN_DEPRECATED_OBJC_IMPLEMENTATIONS = YES;
				CLANG_WARN_DIRECT_OBJC_ISA_USAGE = YES_ERROR;
				CLANG_WARN_DOCUMENTATION_COMMENTS = YES;
				CLANG_WARN_EMPTY_BODY = YES;
				CLANG_WARN_ENUM_CONVERSION = YES;
				CLANG_WARN_INFINITE_RECURSION = YES;
				CLANG_WARN_INT_CONVERSION = YES;
				CLANG_WARN_NON_LITERAL_NULL_CONVERSION = YES;
				CLANG_WARN_OBJC_IMPLICIT_RETAIN_SELF = YES;
				CLANG_WARN_OBJC_LITERAL_CONVERSION = YES;
				CLANG_WARN_OBJC_ROOT_CLASS = YES_ERROR;
				CLANG_WARN_QUOTED_INCLUDE_IN_FRAMEWORK_HEADER = YES;
				CLANG_WARN_RANGE_LOOP_ANALYSIS = YES;
				CLANG_WARN_STRICT_PROTOTYPES = YES;
				CLANG_WARN_SUSPICIOUS_MOVE = YES;
				CLANG_WARN_UNGUARDED_AVAILABILITY = YES_AGGRESSIVE;
				CLANG_WARN_UNREACHABLE_CODE = YES;
				CLANG_WARN__DUPLICATE_METHOD_MATCH = YES;
				COPY_PHASE_STRIP = NO;
				DEBUG_INFORMATION_FORMAT = "dwarf-with-dsym";
				ENABLE_NS_ASSERTIONS = NO;
				ENABLE_STRICT_OBJC_MSGSEND = YES;
				GCC_C_LANGUAGE_STANDARD = gnu11;
				GCC_NO_COMMON_BLOCKS = YES;
				GCC_WARN_64_TO_32_BIT_CONVERSION = YES;
				GCC_WARN_ABOUT_RETURN_TYPE = YES_ERROR;
				GCC_WARN_UNDECLARED_SELECTOR = YES;
				GCC_WARN_UNINITIALIZED_AUTOS = YES_AGGRESSIVE;
				GCC_WARN_UNUSED_FUNCTION = YES;
				GCC_WARN_UNUSED_VARIABLE = YES;
				MACOSX_DEPLOYMENT_TARGET = 11.1;
				MTL_ENABLE_DEBUG_INFO = NO;
				MTL_FAST_MATH = YES;
				SDKROOT = macosx;
			};
			name = Release;
		};
		2C1F861425A9DC68001CF6E9 /* Debug */ = {
			isa = XCBuildConfiguration;
			buildSettings = {
				CODE_SIGN_STYLE = Automatic;
				DEVELOPMENT_TEAM = 8DQDR268Z4;
				DYLIB_COMPATIBILITY_VERSION = 1;
				DYLIB_CURRENT_VERSION = 1;
				EXECUTABLE_PREFIX = lib;
				GCC_ENABLE_CPP_EXCEPTIONS = YES;
				GCC_ENABLE_CPP_RTTI = YES;
				GCC_SYMBOLS_PRIVATE_EXTERN = YES;
				PRODUCT_NAME = "$(TARGET_NAME)";
				SKIP_INSTALL = YES;
			};
			name = Debug;
		};
		2C1F861525A9DC68001CF6E9 /* Release */ = {
			isa = XCBuildConfiguration;
			buildSettings = {
				CODE_SIGN_STYLE = Automatic;
				DEVELOPMENT_TEAM = 8DQDR268Z4;
				DYLIB_COMPATIBILITY_VERSION = 1;
				DYLIB_CURRENT_VERSION = 1;
				EXECUTABLE_PREFIX = lib;
				GCC_ENABLE_CPP_EXCEPTIONS = YES;
				GCC_ENABLE_CPP_RTTI = YES;
				GCC_SYMBOLS_PRIVATE_EXTERN = YES;
				PRODUCT_NAME = "$(TARGET_NAME)";
				SKIP_INSTALL = YES;
			};
			name = Release;
		};
		2C1F863C25A9E6A3001CF6E9 /* Debug */ = {
			isa = XCBuildConfiguration;
			buildSettings = {
				CODE_SIGN_STYLE = Automatic;
				DEVELOPMENT_TEAM = 8DQDR268Z4;
				DYLIB_COMPATIBILITY_VERSION = 1;
				DYLIB_CURRENT_VERSION = 1;
				EXECUTABLE_PREFIX = lib;
				GCC_ENABLE_CPP_EXCEPTIONS = YES;
				GCC_ENABLE_CPP_RTTI = YES;
				GCC_SYMBOLS_PRIVATE_EXTERN = YES;
				PRODUCT_NAME = "$(TARGET_NAME)";
				SKIP_INSTALL = YES;
			};
			name = Debug;
		};
		2C1F863D25A9E6A3001CF6E9 /* Release */ = {
			isa = XCBuildConfiguration;
			buildSettings = {
				CODE_SIGN_STYLE = Automatic;
				DEVELOPMENT_TEAM = 8DQDR268Z4;
				DYLIB_COMPATIBILITY_VERSION = 1;
				DYLIB_CURRENT_VERSION = 1;
				EXECUTABLE_PREFIX = lib;
				GCC_ENABLE_CPP_EXCEPTIONS = YES;
				GCC_ENABLE_CPP_RTTI = YES;
				GCC_SYMBOLS_PRIVATE_EXTERN = YES;
				PRODUCT_NAME = "$(TARGET_NAME)";
				SKIP_INSTALL = YES;
			};
			name = Release;
		};
/* End XCBuildConfiguration section */

/* Begin XCConfigurationList section */
		2C1F860325A9DC68001CF6E9 /* Build configuration list for PBXProject "insimou" */ = {
			isa = XCConfigurationList;
			buildConfigurations = (
				2C1F861125A9DC68001CF6E9 /* Debug */,
				2C1F861225A9DC68001CF6E9 /* Release */,
			);
			defaultConfigurationIsVisible = 0;
			defaultConfigurationName = Release;
		};
		2C1F861325A9DC68001CF6E9 /* Build configuration list for PBXNativeTarget "insimou" */ = {
			isa = XCConfigurationList;
			buildConfigurations = (
				2C1F861425A9DC68001CF6E9 /* Debug */,
				2C1F861525A9DC68001CF6E9 /* Release */,
			);
			defaultConfigurationIsVisible = 0;
			defaultConfigurationName = Release;
		};
		2C1F863B25A9E6A3001CF6E9 /* Build configuration list for PBXNativeTarget "insimoulib" */ = {
			isa = XCConfigurationList;
			buildConfigurations = (
				2C1F863C25A9E6A3001CF6E9 /* Debug */,
				2C1F863D25A9E6A3001CF6E9 /* Release */,
			);
			defaultConfigurationIsVisible = 0;
			defaultConfigurationName = Release;
		};
/* End XCConfigurationList section */
	};
	rootObject = 2C1F860025A9DC68001CF6E9 /* Project object */;
}
